
Microsoft Visual Studio Solution File, Format Version 12.00
# Visual Studio 15
VisualStudioVersion = 15.0.27004.2005
MinimumVisualStudioVersion = 10.0.40219.1
Project("{FAE04EC0-301F-11D3-BF4B-00C04F79EFBC}") = "Chapter3-1", "Chapter3-1\Chapter3-1.csproj", "{B1432086-21CC-40A2-833B-D6B64CCAC75B}"
EndProject
Global
	GlobalSection(SolutionConfigurationPlatforms) = preSolution
		Debug|Any CPU = Debug|Any CPU
		Release|Any CPU = Release|Any CPU
	EndGlobalSection
	GlobalSection(ProjectConfigurationPlatforms) = postSolution
		{B1432086-21CC-40A2-833B-D6B64CCAC75B}.Debug|Any CPU.ActiveCfg = Debug|Any CPU
		{B1432086-21CC-40A2-833B-D6B64CCAC75B}.Debug|Any CPU.Build.0 = Debug|Any CPU
		{B1432086-21CC-40A2-833B-D6B64CCAC75B}.Release|Any CPU.ActiveCfg = Release|Any CPU
		{B1432086-21CC-40A2-833B-D6B64CCAC75B}.Release|Any CPU.Build.0 = Release|Any CPU
	EndGlobalSection
	GlobalSection(SolutionProperties) = preSolution
		HideSolutionNode = FALSE
	EndGlobalSection
	GlobalSection(ExtensibilityGlobals) = postSolution
		SolutionGuid = {E2787E7D-9B48-4F9F-AC18-75CCCB21DD0D}
	EndGlobalSection
EndGlobal
